
Microsoft Visual Studio Solution File, Format Version 12.00
# Visual Studio Version 17
VisualStudioVersion = 17.4.33213.308
MinimumVisualStudioVersion = 10.0.40219.1
Project("{FAE04EC0-301F-11D3-BF4B-00C04F79EFBC}") = "Encrypter", "Encrypter.csproj", "{69B6C58E-81AE-4D82-8C50-65B691AFAAD7}"
EndProject
Global
	GlobalSection(SolutionConfigurationPlatforms) = preSolution
		Debug|Any CPU = Debug|Any CPU
		Release|Any CPU = Release|Any CPU
	EndGlobalSection
	GlobalSection(ProjectConfigurationPlatforms) = postSolution
		{69B6C58E-81AE-4D82-8C50-65B691AFAAD7}.Debug|Any CPU.ActiveCfg = Debug|Any CPU
		{69B6C58E-81AE-4D82-8C50-65B691AFAAD7}.Debug|Any CPU.Build.0 = Debug|Any CPU
		{69B6C58E-81AE-4D82-8C50-65B691AFAAD7}.Release|Any CPU.ActiveCfg = Release|Any CPU
		{69B6C58E-81AE-4D82-8C50-65B691AFAAD7}.Release|Any CPU.Build.0 = Release|Any CPU
	EndGlobalSection
	GlobalSection(SolutionProperties) = preSolution
		HideSolutionNode = FALSE
	EndGlobalSection
	GlobalSection(ExtensibilityGlobals) = postSolution
		SolutionGuid = {7B462AA9-C999-4198-A034-9EF4064DB09B}
	EndGlobalSection
EndGlobal
